{
    "requires": true,
    "lockfileVersion": 1,
    "dependencies": {
        "@kugatsu/vuenotification": {
            "version": "1.1.2",
            "resolved": "https://registry.npmjs.org/@kugatsu/vuenotification/-/vuenotification-1.1.2.tgz",
            "integrity": "sha512-od20YdznJOUEa9RvscCXqQ2N0p8r73MG00lyHfwKAseqfq24qQDuxzH7p1ZhO4ZfiiTkSD8+BwCmVJT/NFyn7A=="
        },
        "@websanova/vue-auth": {
            "version": "2.21.14-beta",
            "resolved": "https://registry.npmjs.org/@websanova/vue-auth/-/vue-auth-2.21.14-beta.tgz",
            "integrity": "sha512-p2ahPPxhjknbwOWd+JAIZwqcZY9L1J8l0fYAH6tbIKz+CktvKtGlv4LeNPDtZQQF6ByWXdU1XQ/XFOwyDNjCkQ=="
        },
        "axios": {
            "version": "0.19.0",
            "resolved": "https://registry.npmjs.org/axios/-/axios-0.19.0.tgz",
            "integrity": "sha512-1uvKqKQta3KBxIz14F2v06AEHZ/dIoeKfbTRkK1E5oqjDnuEerLmYTgJB5AiQZHJcljpg1TuRzdjDR06qNk0DQ==",
            "dev": true
        },
        "bootstrap": {
            "version": "4.3.1",
            "resolved": "https://registry.npmjs.org/bootstrap/-/bootstrap-4.3.1.tgz",
            "integrity": "sha512-rXqOmH1VilAt2DyPzluTi2blhk17bO7ef+zLLPlWvG494pDxcM234pJ8wTc/6R40UWizAIIMgxjvxZg5kmsbag==",
            "dev": true
        },
        "bootstrap-vue": {
            "version": "2.0.0",
            "resolved": "https://registry.npmjs.org/bootstrap-vue/-/bootstrap-vue-2.0.0.tgz",
            "integrity": "sha512-lBqkMtkXMqdIwMSDnWydVb38sOIQ0v+RRn/H0PEcLNd2OFarh81mHzGR+ARofGnO9Ubt0o1WJDRWk8RsNK2JfA=="
        },
        "cross-env": {
            "version": "5.2.1",
            "resolved": "https://registry.npmjs.org/cross-env/-/cross-env-5.2.1.tgz",
            "integrity": "sha512-1yHhtcfAd1r4nwQgknowuUNfIT9E8dOMMspC36g45dN+iD1blloi7xp8X/xAIDnjHWyt1uQ8PHk2fkNaym7soQ==",
            "dev": true
        },
        "cxlt-vue2-toastr": {
            "version": "1.1.1",
            "resolved": "https://registry.npmjs.org/cxlt-vue2-toastr/-/cxlt-vue2-toastr-1.1.1.tgz",
            "integrity": "sha512-74h+e1zOs3/JqcJPeGYFcmQ9oFRLz/sFUXaeDt4o0K7dyxwTnCJUpELedrNbsgogJ0bA6jBGoKMgX4DS9hIxAw=="
        },
        "es6-promise": {
            "version": "4.2.8",
            "resolved": "https://registry.npmjs.org/es6-promise/-/es6-promise-4.2.8.tgz",
            "integrity": "sha512-HJDGx5daxeIvxdBxvG2cb9g4tEvwIk3i8+nhX0yGrYmZUzbkdg8QbDevheDB8gd0//uPj4c1EQua8Q+MViT0/w=="
        },
        "jquery": {
            "version": "3.4.1",
            "resolved": "https://registry.npmjs.org/jquery/-/jquery-3.4.1.tgz",
            "integrity": "sha512-36+AdBzCL+y6qjw5Tx7HgzeGCzC81MDDgaUP8ld2zhx58HdqXGoBd+tHdrBMiyjGQs0Hxs/MLZTu/eHNJJuWPw==",
            "dev": true
        },
        "laravel-mix": {
            "version": "4.1.2",
            "resolved": "https://registry.npmjs.org/laravel-mix/-/laravel-mix-4.1.2.tgz",
            "integrity": "sha512-nA+JME+59hWI5u+r3VfPfmpUj8CxlNmNsvslBOUtUwRc1K2Wq55uAPUtTLgAp7n5JngF3O7qFN3LcTCVO/SpZQ==",
            "dev": true
        },
        "laravel-vue-datatable": {
            "version": "0.3.7",
            "resolved": "https://registry.npmjs.org/laravel-vue-datatable/-/laravel-vue-datatable-0.3.7.tgz",
            "integrity": "sha512-oCUaef/uV6JSb3b6fuDUEMZTjE8kXkXT5dyrG3oprwL0zvKrMeYgiUDscqcXO5vcx0QeF8DWrpTSMHnBUI4mnQ==",
            "dependencies": {
                "axios": {
                    "version": "0.18.1",
                    "resolved": "https://registry.npmjs.org/axios/-/axios-0.18.1.tgz",
                    "integrity": "sha512-0BfJq4NSfQXd+SkFdrvFbG7addhYSBA2mQwISr46pD6E5iqkWg02RAs8vyTT/j0RTnoYmeXauBuSv1qKwR179g=="
                }
            }
        },
        "lodash": {
            "version": "4.17.21",
            "resolved": "https://registry.npmjs.org/lodash/-/lodash-4.17.21.tgz",
            "integrity": "sha512-v2kDEe57lecTulaDIuNTPy3Ry4gLGJ6Z1O3vE1krgXZNrsQ+LFTGHVxVjcXPs17LhbZVGedAJv8XZ1tvj5FvSg==",
            "dev": true
        },
        "mdbvue": {
            "version": "5.8.1",
            "resolved": "https://registry.npmjs.org/mdbvue/-/mdbvue-5.8.1.tgz",
            "integrity": "sha512-RzlQb1YoT60nxhrW/iTF3nJlNIdQc1tEDXkcWhKpa6YFVX5iu0GhOQvlFWBNBWDw0/OkgTbiUnimSf9Jq4ESwg==",
            "dependencies": {
                "axios": {
                    "version": "0.18.1",
                    "resolved": "https://registry.npmjs.org/axios/-/axios-0.18.1.tgz",
                    "integrity": "sha512-0BfJq4NSfQXd+SkFdrvFbG7addhYSBA2mQwISr46pD6E5iqkWg02RAs8vyTT/j0RTnoYmeXauBuSv1qKwR179g=="
                }
            }
        },
        "popper.js": {
            "version": "1.15.0",
            "resolved": "https://registry.npmjs.org/popper.js/-/popper.js-1.15.0.tgz",
            "integrity": "sha512-w010cY1oCUmI+9KwwlWki+r5jxKfTFDVoadl7MSrIujHU5MJ5OR6HTDj6Xo8aoR/QsA56x8jKjA59qGH4ELtrA==",
            "dev": true
        },
        "resolve-url-loader": {
            "version": "2.3.1",
            "resolved": "https://registry.npmjs.org/resolve-url-loader/-/resolve-url-loader-2.3.1.tgz",
            "integrity": "sha512-tpt4A/tOT8jxRDa91RbBV4c22AGj+WllOxT8rYSYhT2XDdL33Nca9HudwVx4mvP9PLokz+wpCu44tWUGVMYYLA==",
            "dev": true,
            "dependencies": {
                "camelcase": {
                    "version": "4.1.0",
                    "resolved": "https://registry.npmjs.org/camelcase/-/camelcase-4.1.0.tgz",
                    "integrity": "sha1-1UVjW+HjPFQmScaRc+Xeas+uNN0="
                }
            }
        },
        "sass": {
            "version": "1.22.10",
            "resolved": "https://registry.npmjs.org/sass/-/sass-1.22.10.tgz",
            "integrity": "sha512-DUpS1tVMGCH6gr/N9cXCoemrjoNdOLhAHfQ37fJw2A5ZM4gSI9ej/8Xi95Xwus03RqZ2zdSnKZGULL7oS+jfMA==",
            "dev": true
        },
        "sass-loader": {
            "version": "7.3.1",
            "resolved": "https://registry.npmjs.org/sass-loader/-/sass-loader-7.3.1.tgz",
            "integrity": "sha512-tuU7+zm0pTCynKYHpdqaPpe+MMTQ76I9TPZ7i4/5dZsigE350shQWe5EZNl5dBidM49TPET75tNqRbcsUZWeNA==",
            "dev": true,
            "dependencies": {
                "semver": {
                    "version": "6.3.0",
                    "resolved": "https://registry.npmjs.org/semver/-/semver-6.3.0.tgz",
                    "integrity": "sha512-b39TBaTSfV6yBrapU89p5fKekE2m/NwnDocOVruQFS1/veMgdzuPcnOM34M6CwxW8jH/lxEa5rBoDeUwu5HHTw=="
                }
            }
        },
        "toastr": {
            "version": "2.1.4",
            "resolved": "https://registry.npmjs.org/toastr/-/toastr-2.1.4.tgz",
            "integrity": "sha1-i0O+ZPudDEFIcURvLbjoyk6V8YE=",
            "dev": true
        },
        "vue": {
            "version": "2.6.10",
            "resolved": "https://registry.npmjs.org/vue/-/vue-2.6.10.tgz",
            "integrity": "sha512-ImThpeNU9HbdZL3utgMCq0oiMzAkt1mcgy3/E6zWC/G6AaQoeuFdsl9nDhTDU3X1R6FK7nsIUuRACVcjI+A2GQ==",
            "dev": true
        },
        "vue-axios": {
            "version": "2.1.4",
            "resolved": "https://registry.npmjs.org/vue-axios/-/vue-axios-2.1.4.tgz",
            "integrity": "sha512-DS8Q+WFT3i7nS0aZ/NMmTPf2yhbtlXhj4QEZmY69au/BshsGzGjC6dXaniZaPQlErP3J3Sv1HtQ4RVrXaUTkxA=="
        },
        "vue-router": {
            "version": "3.1.3",
            "resolved": "https://registry.npmjs.org/vue-router/-/vue-router-3.1.3.tgz",
            "integrity": "sha512-8iSa4mGNXBjyuSZFCCO4fiKfvzqk+mhL0lnKuGcQtO1eoj8nq3CmbEG8FwK5QqoqwDgsjsf1GDuisDX4cdb/aQ=="
        },
        "vue-template-compiler": {
            "version": "2.6.10",
            "resolved": "https://registry.npmjs.org/vue-template-compiler/-/vue-template-compiler-2.6.10.tgz",
            "integrity": "sha512-jVZkw4/I/HT5ZMvRnhv78okGusqe0+qH2A0Em0Cp8aq78+NK9TII263CDVz2QXZsIT+yyV/gZc/j/vlwa+Epyg==",
            "dev": true
        },
        "vue-toasted": {
            "version": "1.1.27",
            "resolved": "https://registry.npmjs.org/vue-toasted/-/vue-toasted-1.1.27.tgz",
            "integrity": "sha512-GVbwInwnqkVxQ4GU/XYeQt1e0dAXL8sF5Hr1H/coCBbYUan5xP0G2mEz/HRDf1lt73rFQAN/bJcLTOKkqiM6tg=="
        },
        "vuetable": {
            "version": "1.5.12",
            "resolved": "https://registry.npmjs.org/vuetable/-/vuetable-1.5.12.tgz",
            "integrity": "sha1-n8YeLpWWLQnN85x71pfPOV3TaZ8=",
            "dependencies": {
                "vue": {
                    "version": "1.0.28",
                    "resolved": "https://registry.npmjs.org/vue/-/vue-1.0.28.tgz",
                    "integrity": "sha1-7S/weyAL3hXIepDvhyfO6n04Vn0="
                }
            }
        }
    }
}
